{
  "name": "vscode-instant-markdown",
  "version": "0.0.1",
  "dependencies": {
    "bluebird": {
      "version": "3.0.6",
      "from": "bluebird@*",
      "resolved": "https://registry.npmjs.org/bluebird/-/bluebird-3.0.6.tgz"
    },
    "instant-markdown-d": {
      "version": "0.1.0",
      "from": "instant-markdown-d@0.1.0",
      "resolved": "https://registry.npmjs.org/instant-markdown-d/-/instant-markdown-d-0.1.0.tgz",
      "dependencies": {
        "highlight.js": {
          "version": "8.9.1",
          "from": "highlight.js@>=8.4.0 <9.0.0",
          "resolved": "https://registry.npmjs.org/highlight.js/-/highlight.js-8.9.1.tgz"
        },
        "markdown-it": {
          "version": "3.1.0",
          "from": "markdown-it@>=3.0.3 <4.0.0",
          "resolved": "https://registry.npmjs.org/markdown-it/-/markdown-it-3.1.0.tgz",
          "dependencies": {
            "argparse": {
              "version": "1.0.3",
              "from": "argparse@>=1.0.0 <1.1.0",
              "resolved": "https://registry.npmjs.org/argparse/-/argparse-1.0.3.tgz",
              "dependencies": {
                "lodash": {
                  "version": "3.10.1",
                  "from": "lodash@>=3.2.0 <4.0.0",
                  "resolved": "https://registry.npmjs.org/lodash/-/lodash-3.10.1.tgz"
                },
                "sprintf-js": {
                  "version": "1.0.3",
                  "from": "sprintf-js@>=1.0.2 <1.1.0",
                  "resolved": "https://registry.npmjs.org/sprintf-js/-/sprintf-js-1.0.3.tgz"
                }
              }
            },
            "linkify-it": {
              "version": "0.1.5",
              "from": "linkify-it@>=0.1.2 <0.2.0",
              "resolved": "https://registry.npmjs.org/linkify-it/-/linkify-it-0.1.5.tgz",
              "dependencies": {
                "uc.micro": {
                  "version": "1.0.0",
                  "from": "uc.micro@>=1.0.0 <2.0.0",
                  "resolved": "https://registry.npmjs.org/uc.micro/-/uc.micro-1.0.0.tgz"
                }
              }
            },
            "mdurl": {
              "version": "1.0.1",
              "from": "mdurl@>=1.0.0 <1.1.0",
              "resolved": "https://registry.npmjs.org/mdurl/-/mdurl-1.0.1.tgz"
            },
            "uc.micro": {
              "version": "0.1.0",
              "from": "uc.micro@>=0.1.0 <0.2.0",
              "resolved": "https://registry.npmjs.org/uc.micro/-/uc.micro-0.1.0.tgz"
            }
          }
        },
        "send": {
          "version": "0.1.4",
          "from": "send@>=0.1.0 <0.2.0",
          "resolved": "https://registry.npmjs.org/send/-/send-0.1.4.tgz",
          "dependencies": {
            "debug": {
              "version": "2.2.0",
              "from": "debug@*",
              "resolved": "https://registry.npmjs.org/debug/-/debug-2.2.0.tgz",
              "dependencies": {
                "ms": {
                  "version": "0.7.1",
                  "from": "ms@0.7.1",
                  "resolved": "https://registry.npmjs.org/ms/-/ms-0.7.1.tgz"
                }
              }
            },
            "mime": {
              "version": "1.2.11",
              "from": "mime@>=1.2.9 <1.3.0",
              "resolved": "https://registry.npmjs.org/mime/-/mime-1.2.11.tgz"
            },
            "fresh": {
              "version": "0.2.0",
              "from": "fresh@0.2.0",
              "resolved": "https://registry.npmjs.org/fresh/-/fresh-0.2.0.tgz"
            },
            "range-parser": {
              "version": "0.0.4",
              "from": "range-parser@0.0.4",
              "resolved": "https://registry.npmjs.org/range-parser/-/range-parser-0.0.4.tgz"
            }
          }
        },
        "socket.io": {
          "version": "0.9.17",
          "from": "socket.io@>=0.9.0 <0.10.0",
          "resolved": "https://registry.npmjs.org/socket.io/-/socket.io-0.9.17.tgz",
          "dependencies": {
            "socket.io-client": {
              "version": "0.9.16",
              "from": "socket.io-client@0.9.16",
              "resolved": "https://registry.npmjs.org/socket.io-client/-/socket.io-client-0.9.16.tgz",
              "dependencies": {
                "uglify-js": {
                  "version": "1.2.5",
                  "from": "uglify-js@1.2.5",
                  "resolved": "https://registry.npmjs.org/uglify-js/-/uglify-js-1.2.5.tgz"
                },
                "ws": {
                  "version": "0.4.32",
                  "from": "ws@>=0.4.0 <0.5.0",
                  "resolved": "https://registry.npmjs.org/ws/-/ws-0.4.32.tgz",
                  "dependencies": {
                    "commander": {
                      "version": "2.1.0",
                      "from": "commander@>=2.1.0 <2.2.0",
                      "resolved": "https://registry.npmjs.org/commander/-/commander-2.1.0.tgz"
                    },
                    "nan": {
                      "version": "1.0.0",
                      "from": "nan@>=1.0.0 <1.1.0",
                      "resolved": "https://registry.npmjs.org/nan/-/nan-1.0.0.tgz"
                    },
                    "tinycolor": {
                      "version": "0.0.1",
                      "from": "tinycolor@>=0.0.0 <1.0.0",
                      "resolved": "https://registry.npmjs.org/tinycolor/-/tinycolor-0.0.1.tgz"
                    },
                    "options": {
                      "version": "0.0.6",
                      "from": "options@>=0.0.5",
                      "resolved": "https://registry.npmjs.org/options/-/options-0.0.6.tgz"
                    }
                  }
                },
                "xmlhttprequest": {
                  "version": "1.4.2",
                  "from": "xmlhttprequest@1.4.2",
                  "resolved": "https://registry.npmjs.org/xmlhttprequest/-/xmlhttprequest-1.4.2.tgz"
                },
                "active-x-obfuscator": {
                  "version": "0.0.1",
                  "from": "active-x-obfuscator@0.0.1",
                  "resolved": "https://registry.npmjs.org/active-x-obfuscator/-/active-x-obfuscator-0.0.1.tgz",
                  "dependencies": {
                    "zeparser": {
                      "version": "0.0.5",
                      "from": "zeparser@0.0.5",
                      "resolved": "https://registry.npmjs.org/zeparser/-/zeparser-0.0.5.tgz"
                    }
                  }
                }
              }
            },
            "policyfile": {
              "version": "0.0.4",
              "from": "policyfile@0.0.4",
              "resolved": "https://registry.npmjs.org/policyfile/-/policyfile-0.0.4.tgz"
            },
            "base64id": {
              "version": "0.1.0",
              "from": "base64id@0.1.0",
              "resolved": "https://registry.npmjs.org/base64id/-/base64id-0.1.0.tgz"
            },
            "redis": {
              "version": "0.7.3",
              "from": "redis@0.7.3",
              "resolved": "https://registry.npmjs.org/redis/-/redis-0.7.3.tgz"
            }
          }
        }
      }
    },
    "request": {
      "version": "2.67.0",
      "from": "request@>=2.67.0 <3.0.0",
      "resolved": "https://registry.npmjs.org/request/-/request-2.67.0.tgz",
      "dependencies": {
        "bl": {
          "version": "1.0.0",
          "from": "bl@>=1.0.0 <1.1.0",
          "resolved": "https://registry.npmjs.org/bl/-/bl-1.0.0.tgz",
          "dependencies": {
            "readable-stream": {
              "version": "2.0.4",
              "from": "readable-stream@>=2.0.0 <2.1.0",
              "resolved": "https://registry.npmjs.org/readable-stream/-/readable-stream-2.0.4.tgz",
              "dependencies": {
                "core-util-is": {
                  "version": "1.0.2",
                  "from": "core-util-is@>=1.0.0 <1.1.0",
                  "resolved": "https://registry.npmjs.org/core-util-is/-/core-util-is-1.0.2.tgz"
                },
                "inherits": {
                  "version": "2.0.1",
                  "from": "inherits@>=2.0.1 <2.1.0",
                  "resolved": "https://registry.npmjs.org/inherits/-/inherits-2.0.1.tgz"
                },
                "isarray": {
                  "version": "0.0.1",
                  "from": "isarray@0.0.1",
                  "resolved": "https://registry.npmjs.org/isarray/-/isarray-0.0.1.tgz"
                },
                "process-nextick-args": {
                  "version": "1.0.3",
                  "from": "process-nextick-args@>=1.0.0 <1.1.0",
                  "resolved": "https://registry.npmjs.org/process-nextick-args/-/process-nextick-args-1.0.3.tgz"
                },
                "string_decoder": {
                  "version": "0.10.31",
                  "from": "string_decoder@>=0.10.0 <0.11.0",
                  "resolved": "https://registry.npmjs.org/string_decoder/-/string_decoder-0.10.31.tgz"
                },
                "util-deprecate": {
                  "version": "1.0.2",
                  "from": "util-deprecate@>=1.0.1 <1.1.0",
                  "resolved": "https://registry.npmjs.org/util-deprecate/-/util-deprecate-1.0.2.tgz"
                }
              }
            }
          }
        },
        "caseless": {
          "version": "0.11.0",
          "from": "caseless@>=0.11.0 <0.12.0",
          "resolved": "https://registry.npmjs.org/caseless/-/caseless-0.11.0.tgz"
        },
        "extend": {
          "version": "3.0.0",
          "from": "extend@>=3.0.0 <3.1.0",
          "resolved": "https://registry.npmjs.org/extend/-/extend-3.0.0.tgz"
        },
        "forever-agent": {
          "version": "0.6.1",
          "from": "forever-agent@>=0.6.1 <0.7.0",
          "resolved": "https://registry.npmjs.org/forever-agent/-/forever-agent-0.6.1.tgz"
        },
        "form-data": {
          "version": "1.0.0-rc3",
          "from": "form-data@>=1.0.0-rc3 <1.1.0",
          "resolved": "https://registry.npmjs.org/form-data/-/form-data-1.0.0-rc3.tgz",
          "dependencies": {
            "async": {
              "version": "1.5.0",
              "from": "async@>=1.4.0 <2.0.0",
              "resolved": "https://registry.npmjs.org/async/-/async-1.5.0.tgz"
            }
          }
        },
        "json-stringify-safe": {
          "version": "5.0.1",
          "from": "json-stringify-safe@>=5.0.1 <5.1.0",
          "resolved": "https://registry.npmjs.org/json-stringify-safe/-/json-stringify-safe-5.0.1.tgz"
        },
        "mime-types": {
          "version": "2.1.8",
          "from": "mime-types@>=2.1.7 <2.2.0",
          "resolved": "https://registry.npmjs.org/mime-types/-/mime-types-2.1.8.tgz",
          "dependencies": {
            "mime-db": {
              "version": "1.20.0",
              "from": "mime-db@>=1.20.0 <1.21.0",
              "resolved": "https://registry.npmjs.org/mime-db/-/mime-db-1.20.0.tgz"
            }
          }
        },
        "node-uuid": {
          "version": "1.4.7",
          "from": "node-uuid@>=1.4.7 <1.5.0",
          "resolved": "https://registry.npmjs.org/node-uuid/-/node-uuid-1.4.7.tgz"
        },
        "qs": {
          "version": "5.2.0",
          "from": "qs@>=5.2.0 <5.3.0",
          "resolved": "https://registry.npmjs.org/qs/-/qs-5.2.0.tgz"
        },
        "tunnel-agent": {
          "version": "0.4.1",
          "from": "tunnel-agent@>=0.4.1 <0.5.0",
          "resolved": "https://registry.npmjs.org/tunnel-agent/-/tunnel-agent-0.4.1.tgz"
        },
        "tough-cookie": {
          "version": "2.2.1",
          "from": "tough-cookie@>=2.2.0 <2.3.0",
          "resolved": "https://registry.npmjs.org/tough-cookie/-/tough-cookie-2.2.1.tgz"
        },
        "http-signature": {
          "version": "1.1.0",
          "from": "http-signature@>=1.1.0 <1.2.0",
          "resolved": "https://registry.npmjs.org/http-signature/-/http-signature-1.1.0.tgz",
          "dependencies": {
            "assert-plus": {
              "version": "0.1.5",
              "from": "assert-plus@>=0.1.5 <0.2.0",
              "resolved": "https://registry.npmjs.org/assert-plus/-/assert-plus-0.1.5.tgz"
            },
            "jsprim": {
              "version": "1.2.2",
              "from": "jsprim@>=1.2.2 <2.0.0",
              "resolved": "https://registry.npmjs.org/jsprim/-/jsprim-1.2.2.tgz",
              "dependencies": {
                "extsprintf": {
                  "version": "1.0.2",
                  "from": "extsprintf@1.0.2",
                  "resolved": "https://registry.npmjs.org/extsprintf/-/extsprintf-1.0.2.tgz"
                },
                "json-schema": {
                  "version": "0.2.2",
                  "from": "json-schema@0.2.2",
                  "resolved": "https://registry.npmjs.org/json-schema/-/json-schema-0.2.2.tgz"
                },
                "verror": {
                  "version": "1.3.6",
                  "from": "verror@1.3.6",
                  "resolved": "https://registry.npmjs.org/verror/-/verror-1.3.6.tgz"
                }
              }
            },
            "sshpk": {
              "version": "1.7.1",
              "from": "sshpk@>=1.7.0 <2.0.0",
              "resolved": "https://registry.npmjs.org/sshpk/-/sshpk-1.7.1.tgz",
              "dependencies": {
                "asn1": {
                  "version": "0.2.3",
                  "from": "asn1@>=0.2.3 <0.3.0",
                  "resolved": "https://registry.npmjs.org/asn1/-/asn1-0.2.3.tgz"
                },
                "assert-plus": {
                  "version": "0.2.0",
                  "from": "assert-plus@>=0.2.0 <0.3.0",
                  "resolved": "https://registry.npmjs.org/assert-plus/-/assert-plus-0.2.0.tgz"
                },
                "dashdash": {
                  "version": "1.10.1",
                  "from": "dashdash@>=1.10.1 <2.0.0",
                  "resolved": "https://registry.npmjs.org/dashdash/-/dashdash-1.10.1.tgz",
                  "dependencies": {
                    "assert-plus": {
                      "version": "0.1.5",
                      "from": "assert-plus@>=0.1.0 <0.2.0",
                      "resolved": "https://registry.npmjs.org/assert-plus/-/assert-plus-0.1.5.tgz"
                    }
                  }
                },
                "jsbn": {
                  "version": "0.1.0",
                  "from": "jsbn@>=0.1.0 <0.2.0",
                  "resolved": "https://registry.npmjs.org/jsbn/-/jsbn-0.1.0.tgz"
                },
                "tweetnacl": {
                  "version": "0.13.2",
                  "from": "tweetnacl@>=0.13.0 <1.0.0",
                  "resolved": "https://registry.npmjs.org/tweetnacl/-/tweetnacl-0.13.2.tgz"
                },
                "jodid25519": {
                  "version": "1.0.2",
                  "from": "jodid25519@>=1.0.0 <2.0.0",
                  "resolved": "https://registry.npmjs.org/jodid25519/-/jodid25519-1.0.2.tgz"
                },
                "ecc-jsbn": {
                  "version": "0.1.1",
                  "from": "ecc-jsbn@>=0.0.1 <1.0.0",
                  "resolved": "https://registry.npmjs.org/ecc-jsbn/-/ecc-jsbn-0.1.1.tgz"
                }
              }
            }
          }
        },
        "oauth-sign": {
          "version": "0.8.0",
          "from": "oauth-sign@>=0.8.0 <0.9.0",
          "resolved": "https://registry.npmjs.org/oauth-sign/-/oauth-sign-0.8.0.tgz"
        },
        "hawk": {
          "version": "3.1.2",
          "from": "hawk@>=3.1.0 <3.2.0",
          "resolved": "https://registry.npmjs.org/hawk/-/hawk-3.1.2.tgz",
          "dependencies": {
            "hoek": {
              "version": "2.16.3",
              "from": "hoek@>=2.0.0 <3.0.0",
              "resolved": "https://registry.npmjs.org/hoek/-/hoek-2.16.3.tgz"
            },
            "boom": {
              "version": "2.10.1",
              "from": "boom@>=2.0.0 <3.0.0",
              "resolved": "https://registry.npmjs.org/boom/-/boom-2.10.1.tgz"
            },
            "cryptiles": {
              "version": "2.0.5",
              "from": "cryptiles@>=2.0.0 <3.0.0",
              "resolved": "https://registry.npmjs.org/cryptiles/-/cryptiles-2.0.5.tgz"
            },
            "sntp": {
              "version": "1.0.9",
              "from": "sntp@>=1.0.0 <2.0.0",
              "resolved": "https://registry.npmjs.org/sntp/-/sntp-1.0.9.tgz"
            }
          }
        },
        "aws-sign2": {
          "version": "0.6.0",
          "from": "aws-sign2@>=0.6.0 <0.7.0",
          "resolved": "https://registry.npmjs.org/aws-sign2/-/aws-sign2-0.6.0.tgz"
        },
        "stringstream": {
          "version": "0.0.5",
          "from": "stringstream@>=0.0.4 <0.1.0",
          "resolved": "https://registry.npmjs.org/stringstream/-/stringstream-0.0.5.tgz"
        },
        "combined-stream": {
          "version": "1.0.5",
          "from": "combined-stream@>=1.0.5 <1.1.0",
          "resolved": "https://registry.npmjs.org/combined-stream/-/combined-stream-1.0.5.tgz",
          "dependencies": {
            "delayed-stream": {
              "version": "1.0.0",
              "from": "delayed-stream@>=1.0.0 <1.1.0",
              "resolved": "https://registry.npmjs.org/delayed-stream/-/delayed-stream-1.0.0.tgz"
            }
          }
        },
        "isstream": {
          "version": "0.1.2",
          "from": "isstream@>=0.1.2 <0.2.0",
          "resolved": "https://registry.npmjs.org/isstream/-/isstream-0.1.2.tgz"
        },
        "is-typedarray": {
          "version": "1.0.0",
          "from": "is-typedarray@>=1.0.0 <1.1.0",
          "resolved": "https://registry.npmjs.org/is-typedarray/-/is-typedarray-1.0.0.tgz"
        },
        "har-validator": {
          "version": "2.0.3",
          "from": "har-validator@>=2.0.2 <2.1.0",
          "resolved": "https://registry.npmjs.org/har-validator/-/har-validator-2.0.3.tgz",
          "dependencies": {
            "chalk": {
              "version": "1.1.1",
              "from": "chalk@>=1.1.1 <2.0.0",
              "resolved": "https://registry.npmjs.org/chalk/-/chalk-1.1.1.tgz",
              "dependencies": {
                "ansi-styles": {
                  "version": "2.1.0",
                  "from": "ansi-styles@>=2.1.0 <3.0.0",
                  "resolved": "https://registry.npmjs.org/ansi-styles/-/ansi-styles-2.1.0.tgz"
                },
                "escape-string-regexp": {
                  "version": "1.0.3",
                  "from": "escape-string-regexp@>=1.0.2 <2.0.0",
                  "resolved": "https://registry.npmjs.org/escape-string-regexp/-/escape-string-regexp-1.0.3.tgz"
                },
                "has-ansi": {
                  "version": "2.0.0",
                  "from": "has-ansi@>=2.0.0 <3.0.0",
                  "resolved": "https://registry.npmjs.org/has-ansi/-/has-ansi-2.0.0.tgz",
                  "dependencies": {
                    "ansi-regex": {
                      "version": "2.0.0",
                      "from": "ansi-regex@>=2.0.0 <3.0.0",
                      "resolved": "https://registry.npmjs.org/ansi-regex/-/ansi-regex-2.0.0.tgz"
                    }
                  }
                },
                "strip-ansi": {
                  "version": "3.0.0",
                  "from": "strip-ansi@>=3.0.0 <4.0.0",
                  "resolved": "https://registry.npmjs.org/strip-ansi/-/strip-ansi-3.0.0.tgz",
                  "dependencies": {
                    "ansi-regex": {
                      "version": "2.0.0",
                      "from": "ansi-regex@>=2.0.0 <3.0.0",
                      "resolved": "https://registry.npmjs.org/ansi-regex/-/ansi-regex-2.0.0.tgz"
                    }
                  }
                },
                "supports-color": {
                  "version": "2.0.0",
                  "from": "supports-color@>=2.0.0 <3.0.0",
                  "resolved": "https://registry.npmjs.org/supports-color/-/supports-color-2.0.0.tgz"
                }
              }
            },
            "commander": {
              "version": "2.9.0",
              "from": "commander@>=2.9.0 <3.0.0",
              "resolved": "https://registry.npmjs.org/commander/-/commander-2.9.0.tgz",
              "dependencies": {
                "graceful-readlink": {
                  "version": "1.0.1",
                  "from": "graceful-readlink@>=1.0.0",
                  "resolved": "https://registry.npmjs.org/graceful-readlink/-/graceful-readlink-1.0.1.tgz"
                }
              }
            },
            "is-my-json-valid": {
              "version": "2.12.3",
              "from": "is-my-json-valid@>=2.12.3 <3.0.0",
              "resolved": "https://registry.npmjs.org/is-my-json-valid/-/is-my-json-valid-2.12.3.tgz",
              "dependencies": {
                "generate-function": {
                  "version": "2.0.0",
                  "from": "generate-function@>=2.0.0 <3.0.0",
                  "resolved": "https://registry.npmjs.org/generate-function/-/generate-function-2.0.0.tgz"
                },
                "generate-object-property": {
                  "version": "1.2.0",
                  "from": "generate-object-property@>=1.1.0 <2.0.0",
                  "resolved": "https://registry.npmjs.org/generate-object-property/-/generate-object-property-1.2.0.tgz",
                  "dependencies": {
                    "is-property": {
                      "version": "1.0.2",
                      "from": "is-property@>=1.0.0 <2.0.0",
                      "resolved": "https://registry.npmjs.org/is-property/-/is-property-1.0.2.tgz"
                    }
                  }
                },
                "jsonpointer": {
                  "version": "2.0.0",
                  "from": "jsonpointer@2.0.0",
                  "resolved": "https://registry.npmjs.org/jsonpointer/-/jsonpointer-2.0.0.tgz"
                },
                "xtend": {
                  "version": "4.0.1",
                  "from": "xtend@>=4.0.0 <5.0.0",
                  "resolved": "https://registry.npmjs.org/xtend/-/xtend-4.0.1.tgz"
                }
              }
            },
            "pinkie-promise": {
              "version": "2.0.0",
              "from": "pinkie-promise@>=2.0.0 <3.0.0",
              "resolved": "https://registry.npmjs.org/pinkie-promise/-/pinkie-promise-2.0.0.tgz",
              "dependencies": {
                "pinkie": {
                  "version": "2.0.1",
                  "from": "pinkie@>=2.0.0 <3.0.0",
                  "resolved": "https://registry.npmjs.org/pinkie/-/pinkie-2.0.1.tgz"
                }
              }
            }
          }
        }
      }
    },
    "shelljs": {
      "version": "0.5.3",
      "from": "shelljs@*",
      "resolved": "https://registry.npmjs.org/shelljs/-/shelljs-0.5.3.tgz"
    }
  }
}
